
Microsoft Visual Studio Solution File, Format Version 12.00
# Visual Studio Version 17
VisualStudioVersion = 17.6.33815.320
MinimumVisualStudioVersion = 10.0.40219.1
Project("{9A19103F-16F7-4668-BE54-9A1E7A4F7556}") = "RandomStore", "RandomStore\RandomStore.csproj", "{678406EF-0FC5-4431-8780-3A9C22BF3717}"
EndProject
Project("{FAE04EC0-301F-11D3-BF4B-00C04F79EFBC}") = "RandomStore.DataAccess", "RandomStore.DataAccess\RandomStore.DataAccess.csproj", "{B22C0DFA-9F73-42AF-AF93-B0D088489252}"
EndProject
Project("{FAE04EC0-301F-11D3-BF4B-00C04F79EFBC}") = "RandomStore.Models", "RandomStore.Models\RandomStore.Models.csproj", "{C229A9CB-23CD-4873-A7FB-2CF327020AB8}"
EndProject
Project("{FAE04EC0-301F-11D3-BF4B-00C04F79EFBC}") = "RandomStore.Utility", "RandomStore.Utility\RandomStore.Utility.csproj", "{5A7F3B8D-BE43-4916-9C67-548BD8FC36E0}"
EndProject
Global
	GlobalSection(SolutionConfigurationPlatforms) = preSolution
		Debug|Any CPU = Debug|Any CPU
		Release|Any CPU = Release|Any CPU
	EndGlobalSection
	GlobalSection(ProjectConfigurationPlatforms) = postSolution
		{678406EF-0FC5-4431-8780-3A9C22BF3717}.Debug|Any CPU.ActiveCfg = Debug|Any CPU
		{678406EF-0FC5-4431-8780-3A9C22BF3717}.Debug|Any CPU.Build.0 = Debug|Any CPU
		{678406EF-0FC5-4431-8780-3A9C22BF3717}.Release|Any CPU.ActiveCfg = Release|Any CPU
		{678406EF-0FC5-4431-8780-3A9C22BF3717}.Release|Any CPU.Build.0 = Release|Any CPU
		{B22C0DFA-9F73-42AF-AF93-B0D088489252}.Debug|Any CPU.ActiveCfg = Debug|Any CPU
		{B22C0DFA-9F73-42AF-AF93-B0D088489252}.Debug|Any CPU.Build.0 = Debug|Any CPU
		{B22C0DFA-9F73-42AF-AF93-B0D088489252}.Release|Any CPU.ActiveCfg = Release|Any CPU
		{B22C0DFA-9F73-42AF-AF93-B0D088489252}.Release|Any CPU.Build.0 = Release|Any CPU
		{C229A9CB-23CD-4873-A7FB-2CF327020AB8}.Debug|Any CPU.ActiveCfg = Debug|Any CPU
		{C229A9CB-23CD-4873-A7FB-2CF327020AB8}.Debug|Any CPU.Build.0 = Debug|Any CPU
		{C229A9CB-23CD-4873-A7FB-2CF327020AB8}.Release|Any CPU.ActiveCfg = Release|Any CPU
		{C229A9CB-23CD-4873-A7FB-2CF327020AB8}.Release|Any CPU.Build.0 = Release|Any CPU
		{5A7F3B8D-BE43-4916-9C67-548BD8FC36E0}.Debug|Any CPU.ActiveCfg = Debug|Any CPU
		{5A7F3B8D-BE43-4916-9C67-548BD8FC36E0}.Debug|Any CPU.Build.0 = Debug|Any CPU
		{5A7F3B8D-BE43-4916-9C67-548BD8FC36E0}.Release|Any CPU.ActiveCfg = Release|Any CPU
		{5A7F3B8D-BE43-4916-9C67-548BD8FC36E0}.Release|Any CPU.Build.0 = Release|Any CPU
	EndGlobalSection
	GlobalSection(SolutionProperties) = preSolution
		HideSolutionNode = FALSE
	EndGlobalSection
	GlobalSection(ExtensibilityGlobals) = postSolution
		SolutionGuid = {8615CC8A-B78B-4A7D-BC1F-70E23BF05F2B}
	EndGlobalSection
EndGlobal
